<?xml version="1.0" encoding="utf-8"?>
<Project ToolsVersion="4.0" xmlns="http://schemas.microsoft.com/developer/msbuild/2003">
  <ItemGroup>
    <ClCompile Include="Test.cpp" />
  </ItemGroup>
  <ItemGroup>
    <Filter Include="json">
      <UniqueIdentifier>{7562d959-b531-424b-8569-31b5ad7841b2}</UniqueIdentifier>
    </Filter>
  </ItemGroup>
  <ItemGroup>
    <None Include="test.sh">
      <Filter>json</Filter>
    </None>
    <None Include="json\AddOrder.json">
      <Filter>json</Filter>
    </None>
    <None Include="json\AddUser.json">
      <Filter>json</Filter>
    </None>
    <None Include="json\ChangePassword.json">
      <Filter>json</Filter>
    </None>
    <None Include="json\CheckPassword.json">
      <Filter>json</Filter>
    </None>
    <None Include="json\CloseOrder.json">
      <Filter>json</Filter>
    </None>
    <None Include="json\Deposit.json">
      <Filter>json</Filter>
    </None>
    <None Include="json\GetClosedOrders.json">
      <Filter>json</Filter>
    </None>
    <None Include="json\GetMargin.json">
      <Filter>json</Filter>
    </None>
    <None Include="json\GetOpenOrders.json">
      <Filter>json</Filter>
    </None>
    <None Include="json\GetOrder.json">
      <Filter>json</Filter>
    </None>
    <None Include="json\GetPendingOrders.json">
      <Filter>json</Filter>
    </None>
    <None Include="json\GetSymbolList.json">
      <Filter>json</Filter>
    </None>
    <None Include="json\GetUserRecord.json">
      <Filter>json</Filter>
    </None>
    <None Include="json\IsOpening.json">
      <Filter>json</Filter>
    </None>
    <None Include="json\OpenOrder.json">
      <Filter>json</Filter>
    </None>
    <None Include="json\RequestChart.json">
      <Filter>json</Filter>
    </None>
    <None Include="json\TradeTime.json">
      <Filter>json</Filter>
    </None>
    <None Include="json\UpdateOrder.json">
      <Filter>json</Filter>
    </None>
    <None Include="json\UpdateUserRecord.json">
      <Filter>json</Filter>
    </None>
  </ItemGroup>
</Project>